
Microsoft Visual Studio Solution File, Format Version 12.00
# Visual Studio Version 16
VisualStudioVersion = 16.0.30503.244
MinimumVisualStudioVersion = 10.0.40219.1
Project("{8BC9CEB8-8B4A-11D0-8D11-00A0C91BC942}") = "Lecture177WritingAClass", "Lecture177WritingAClass.vcxproj", "{0F4B6878-225E-4E6A-9AF6-8623FFBEEEAA}"
EndProject
Global
	GlobalSection(SolutionConfigurationPlatforms) = preSolution
		Debug|x64 = Debug|x64
		Debug|x86 = Debug|x86
		Release|x64 = Release|x64
		Release|x86 = Release|x86
	EndGlobalSection
	GlobalSection(ProjectConfigurationPlatforms) = postSolution
		{0F4B6878-225E-4E6A-9AF6-8623FFBEEEAA}.Debug|x64.ActiveCfg = Debug|x64
		{0F4B6878-225E-4E6A-9AF6-8623FFBEEEAA}.Debug|x64.Build.0 = Debug|x64
		{0F4B6878-225E-4E6A-9AF6-8623FFBEEEAA}.Debug|x86.ActiveCfg = Debug|Win32
		{0F4B6878-225E-4E6A-9AF6-8623FFBEEEAA}.Debug|x86.Build.0 = Debug|Win32
		{0F4B6878-225E-4E6A-9AF6-8623FFBEEEAA}.Release|x64.ActiveCfg = Release|x64
		{0F4B6878-225E-4E6A-9AF6-8623FFBEEEAA}.Release|x64.Build.0 = Release|x64
		{0F4B6878-225E-4E6A-9AF6-8623FFBEEEAA}.Release|x86.ActiveCfg = Release|Win32
		{0F4B6878-225E-4E6A-9AF6-8623FFBEEEAA}.Release|x86.Build.0 = Release|Win32
	EndGlobalSection
	GlobalSection(SolutionProperties) = preSolution
		HideSolutionNode = FALSE
	EndGlobalSection
	GlobalSection(ExtensibilityGlobals) = postSolution
		SolutionGuid = {62A1500F-F472-449F-8778-5720D3DC3D53}
	EndGlobalSection
EndGlobal
