
Microsoft Visual Studio Solution File, Format Version 12.00
# Visual Studio Version 16
VisualStudioVersion = 16.0.30503.244
MinimumVisualStudioVersion = 10.0.40219.1
Project("{8BC9CEB8-8B4A-11D0-8D11-00A0C91BC942}") = "Lecture165-166AccessorsAndMutators", "Lecture165-166AccessorsAndMutators.vcxproj", "{786D4536-71FE-4C44-91D8-8E1F02EE95F8}"
EndProject
Global
	GlobalSection(SolutionConfigurationPlatforms) = preSolution
		Debug|x64 = Debug|x64
		Debug|x86 = Debug|x86
		Release|x64 = Release|x64
		Release|x86 = Release|x86
	EndGlobalSection
	GlobalSection(ProjectConfigurationPlatforms) = postSolution
		{786D4536-71FE-4C44-91D8-8E1F02EE95F8}.Debug|x64.ActiveCfg = Debug|x64
		{786D4536-71FE-4C44-91D8-8E1F02EE95F8}.Debug|x64.Build.0 = Debug|x64
		{786D4536-71FE-4C44-91D8-8E1F02EE95F8}.Debug|x86.ActiveCfg = Debug|Win32
		{786D4536-71FE-4C44-91D8-8E1F02EE95F8}.Debug|x86.Build.0 = Debug|Win32
		{786D4536-71FE-4C44-91D8-8E1F02EE95F8}.Release|x64.ActiveCfg = Release|x64
		{786D4536-71FE-4C44-91D8-8E1F02EE95F8}.Release|x64.Build.0 = Release|x64
		{786D4536-71FE-4C44-91D8-8E1F02EE95F8}.Release|x86.ActiveCfg = Release|Win32
		{786D4536-71FE-4C44-91D8-8E1F02EE95F8}.Release|x86.Build.0 = Release|Win32
	EndGlobalSection
	GlobalSection(SolutionProperties) = preSolution
		HideSolutionNode = FALSE
	EndGlobalSection
	GlobalSection(ExtensibilityGlobals) = postSolution
		SolutionGuid = {B2B6FA14-9EEA-4080-862C-D2AC277B7DD5}
	EndGlobalSection
EndGlobal
